
Microsoft Visual Studio Solution File, Format Version 12.00
# Visual Studio Version 17
VisualStudioVersion = 17.9.34616.47
MinimumVisualStudioVersion = 10.0.40219.1
Project("{FAE04EC0-301F-11D3-BF4B-00C04F79EFBC}") = "Program", "Produto e estoque\Program.csproj", "{287D75CB-03BD-41A3-8CB6-2DD31D4768B3}"
EndProject
Global
	GlobalSection(SolutionConfigurationPlatforms) = preSolution
		Debug|Any CPU = Debug|Any CPU
		Release|Any CPU = Release|Any CPU
	EndGlobalSection
	GlobalSection(ProjectConfigurationPlatforms) = postSolution
		{287D75CB-03BD-41A3-8CB6-2DD31D4768B3}.Debug|Any CPU.ActiveCfg = Debug|Any CPU
		{287D75CB-03BD-41A3-8CB6-2DD31D4768B3}.Debug|Any CPU.Build.0 = Debug|Any CPU
		{287D75CB-03BD-41A3-8CB6-2DD31D4768B3}.Release|Any CPU.ActiveCfg = Release|Any CPU
		{287D75CB-03BD-41A3-8CB6-2DD31D4768B3}.Release|Any CPU.Build.0 = Release|Any CPU
	EndGlobalSection
	GlobalSection(SolutionProperties) = preSolution
		HideSolutionNode = FALSE
	EndGlobalSection
	GlobalSection(ExtensibilityGlobals) = postSolution
		SolutionGuid = {EE247434-DD52-4163-AB35-EBE1B729ED36}
	EndGlobalSection
EndGlobal
